
Microsoft Visual Studio Solution File, Format Version 12.00
# Visual Studio 15
VisualStudioVersion = 15.0.26228.4
MinimumVisualStudioVersion = 10.0.40219.1
Project("{FAE04EC0-301F-11D3-BF4B-00C04F79EFBC}") = "ZSZ.Common", "ZSZ.Common\ZSZ.Common.csproj", "{241553FA-C16B-4958-806F-FCBA7FB62A16}"
EndProject
Project("{FAE04EC0-301F-11D3-BF4B-00C04F79EFBC}") = "Tests", "Tests\Tests.csproj", "{2620DF85-F157-4E39-BEB3-7DB4A03B8953}"
EndProject
Project("{FAE04EC0-301F-11D3-BF4B-00C04F79EFBC}") = "MyIBLL", "MyIBLL\MyIBLL.csproj", "{B1DD83D6-02EA-439A-A1F6-37818FD50999}"
EndProject
Project("{FAE04EC0-301F-11D3-BF4B-00C04F79EFBC}") = "MyBLLImpl", "MyBLLImpl\MyBLLImpl.csproj", "{947697F3-73DD-4A1F-8429-25BDB661F181}"
EndProject
Project("{2150E333-8FDC-42A3-9474-1A3956D46DE8}") = "Test", "Test", "{520815A3-45FC-4FB5-8044-A7220CCC8D99}"
EndProject
Project("{FAE04EC0-301F-11D3-BF4B-00C04F79EFBC}") = "WebApplication1", "WebApplication1\WebApplication1.csproj", "{4DE6B207-1CC8-4050-8710-6E72DDA849E7}"
EndProject
Project("{FAE04EC0-301F-11D3-BF4B-00C04F79EFBC}") = "TestIService", "TestIService\TestIService.csproj", "{5CE5A7A0-104E-406A-84CA-C760C950E6EB}"
EndProject
Project("{FAE04EC0-301F-11D3-BF4B-00C04F79EFBC}") = "TestService", "TestService\TestService.csproj", "{F6993FCE-05B8-4B77-A354-7DB95DFBBC51}"
EndProject
Project("{FAE04EC0-301F-11D3-BF4B-00C04F79EFBC}") = "ForUnitTest", "ForUnitTest\ForUnitTest.csproj", "{50DDCE5C-2AE6-4191-9557-CD7A645FF701}"
EndProject
Project("{FAE04EC0-301F-11D3-BF4B-00C04F79EFBC}") = "UnitTestProject1", "UnitTestProject1\UnitTestProject1.csproj", "{98F23267-55DF-40C0-BBF4-B67979506150}"
EndProject
Project("{FAE04EC0-301F-11D3-BF4B-00C04F79EFBC}") = "ZSZ.Service", "ZSZ.Service\ZSZ.Service.csproj", "{E650B6AF-3419-4510-AD2C-3668EC83B7D6}"
EndProject
Project("{FAE04EC0-301F-11D3-BF4B-00C04F79EFBC}") = "ZSZ.IService", "ZSZ.IService\ZSZ.IService.csproj", "{898A6D4B-7E5C-4647-8410-C203E264228A}"
EndProject
Project("{FAE04EC0-301F-11D3-BF4B-00C04F79EFBC}") = "ZSZ.AdminWeb", "ZSZ.AdminWeb\ZSZ.AdminWeb.csproj", "{03CC978F-769B-46C5-8648-53098A1A2770}"
EndProject
Project("{FAE04EC0-301F-11D3-BF4B-00C04F79EFBC}") = "ZSZ.FrontWeb", "ZSZ.FrontWeb\ZSZ.FrontWeb.csproj", "{45BCBDCE-370F-4F7B-95DF-FED5C46D08AB}"
EndProject
Project("{FAE04EC0-301F-11D3-BF4B-00C04F79EFBC}") = "ZSZ.DTO", "ZSZ.DTO\ZSZ.DTO.csproj", "{CA48AEB7-9EE3-4D98-B956-A14C84026179}"
EndProject
Global
	GlobalSection(SolutionConfigurationPlatforms) = preSolution
		Debug|Any CPU = Debug|Any CPU
		Release|Any CPU = Release|Any CPU
	EndGlobalSection
	GlobalSection(ProjectConfigurationPlatforms) = postSolution
		{241553FA-C16B-4958-806F-FCBA7FB62A16}.Debug|Any CPU.ActiveCfg = Debug|Any CPU
		{241553FA-C16B-4958-806F-FCBA7FB62A16}.Debug|Any CPU.Build.0 = Debug|Any CPU
		{241553FA-C16B-4958-806F-FCBA7FB62A16}.Release|Any CPU.ActiveCfg = Release|Any CPU
		{241553FA-C16B-4958-806F-FCBA7FB62A16}.Release|Any CPU.Build.0 = Release|Any CPU
		{2620DF85-F157-4E39-BEB3-7DB4A03B8953}.Debug|Any CPU.ActiveCfg = Debug|Any CPU
		{2620DF85-F157-4E39-BEB3-7DB4A03B8953}.Debug|Any CPU.Build.0 = Debug|Any CPU
		{2620DF85-F157-4E39-BEB3-7DB4A03B8953}.Release|Any CPU.ActiveCfg = Release|Any CPU
		{2620DF85-F157-4E39-BEB3-7DB4A03B8953}.Release|Any CPU.Build.0 = Release|Any CPU
		{B1DD83D6-02EA-439A-A1F6-37818FD50999}.Debug|Any CPU.ActiveCfg = Debug|Any CPU
		{B1DD83D6-02EA-439A-A1F6-37818FD50999}.Debug|Any CPU.Build.0 = Debug|Any CPU
		{B1DD83D6-02EA-439A-A1F6-37818FD50999}.Release|Any CPU.ActiveCfg = Release|Any CPU
		{B1DD83D6-02EA-439A-A1F6-37818FD50999}.Release|Any CPU.Build.0 = Release|Any CPU
		{947697F3-73DD-4A1F-8429-25BDB661F181}.Debug|Any CPU.ActiveCfg = Debug|Any CPU
		{947697F3-73DD-4A1F-8429-25BDB661F181}.Debug|Any CPU.Build.0 = Debug|Any CPU
		{947697F3-73DD-4A1F-8429-25BDB661F181}.Release|Any CPU.ActiveCfg = Release|Any CPU
		{947697F3-73DD-4A1F-8429-25BDB661F181}.Release|Any CPU.Build.0 = Release|Any CPU
		{4DE6B207-1CC8-4050-8710-6E72DDA849E7}.Debug|Any CPU.ActiveCfg = Debug|Any CPU
		{4DE6B207-1CC8-4050-8710-6E72DDA849E7}.Debug|Any CPU.Build.0 = Debug|Any CPU
		{4DE6B207-1CC8-4050-8710-6E72DDA849E7}.Release|Any CPU.ActiveCfg = Release|Any CPU
		{4DE6B207-1CC8-4050-8710-6E72DDA849E7}.Release|Any CPU.Build.0 = Release|Any CPU
		{5CE5A7A0-104E-406A-84CA-C760C950E6EB}.Debug|Any CPU.ActiveCfg = Debug|Any CPU
		{5CE5A7A0-104E-406A-84CA-C760C950E6EB}.Debug|Any CPU.Build.0 = Debug|Any CPU
		{5CE5A7A0-104E-406A-84CA-C760C950E6EB}.Release|Any CPU.ActiveCfg = Release|Any CPU
		{5CE5A7A0-104E-406A-84CA-C760C950E6EB}.Release|Any CPU.Build.0 = Release|Any CPU
		{F6993FCE-05B8-4B77-A354-7DB95DFBBC51}.Debug|Any CPU.ActiveCfg = Debug|Any CPU
		{F6993FCE-05B8-4B77-A354-7DB95DFBBC51}.Debug|Any CPU.Build.0 = Debug|Any CPU
		{F6993FCE-05B8-4B77-A354-7DB95DFBBC51}.Release|Any CPU.ActiveCfg = Release|Any CPU
		{F6993FCE-05B8-4B77-A354-7DB95DFBBC51}.Release|Any CPU.Build.0 = Release|Any CPU
		{50DDCE5C-2AE6-4191-9557-CD7A645FF701}.Debug|Any CPU.ActiveCfg = Debug|Any CPU
		{50DDCE5C-2AE6-4191-9557-CD7A645FF701}.Debug|Any CPU.Build.0 = Debug|Any CPU
		{50DDCE5C-2AE6-4191-9557-CD7A645FF701}.Release|Any CPU.ActiveCfg = Release|Any CPU
		{50DDCE5C-2AE6-4191-9557-CD7A645FF701}.Release|Any CPU.Build.0 = Release|Any CPU
		{98F23267-55DF-40C0-BBF4-B67979506150}.Debug|Any CPU.ActiveCfg = Debug|Any CPU
		{98F23267-55DF-40C0-BBF4-B67979506150}.Debug|Any CPU.Build.0 = Debug|Any CPU
		{98F23267-55DF-40C0-BBF4-B67979506150}.Release|Any CPU.ActiveCfg = Release|Any CPU
		{98F23267-55DF-40C0-BBF4-B67979506150}.Release|Any CPU.Build.0 = Release|Any CPU
		{E650B6AF-3419-4510-AD2C-3668EC83B7D6}.Debug|Any CPU.ActiveCfg = Debug|Any CPU
		{E650B6AF-3419-4510-AD2C-3668EC83B7D6}.Debug|Any CPU.Build.0 = Debug|Any CPU
		{E650B6AF-3419-4510-AD2C-3668EC83B7D6}.Release|Any CPU.ActiveCfg = Release|Any CPU
		{E650B6AF-3419-4510-AD2C-3668EC83B7D6}.Release|Any CPU.Build.0 = Release|Any CPU
		{898A6D4B-7E5C-4647-8410-C203E264228A}.Debug|Any CPU.ActiveCfg = Debug|Any CPU
		{898A6D4B-7E5C-4647-8410-C203E264228A}.Debug|Any CPU.Build.0 = Debug|Any CPU
		{898A6D4B-7E5C-4647-8410-C203E264228A}.Release|Any CPU.ActiveCfg = Release|Any CPU
		{898A6D4B-7E5C-4647-8410-C203E264228A}.Release|Any CPU.Build.0 = Release|Any CPU
		{03CC978F-769B-46C5-8648-53098A1A2770}.Debug|Any CPU.ActiveCfg = Debug|Any CPU
		{03CC978F-769B-46C5-8648-53098A1A2770}.Debug|Any CPU.Build.0 = Debug|Any CPU
		{03CC978F-769B-46C5-8648-53098A1A2770}.Release|Any CPU.ActiveCfg = Release|Any CPU
		{03CC978F-769B-46C5-8648-53098A1A2770}.Release|Any CPU.Build.0 = Release|Any CPU
		{45BCBDCE-370F-4F7B-95DF-FED5C46D08AB}.Debug|Any CPU.ActiveCfg = Debug|Any CPU
		{45BCBDCE-370F-4F7B-95DF-FED5C46D08AB}.Debug|Any CPU.Build.0 = Debug|Any CPU
		{45BCBDCE-370F-4F7B-95DF-FED5C46D08AB}.Release|Any CPU.ActiveCfg = Release|Any CPU
		{45BCBDCE-370F-4F7B-95DF-FED5C46D08AB}.Release|Any CPU.Build.0 = Release|Any CPU
		{CA48AEB7-9EE3-4D98-B956-A14C84026179}.Debug|Any CPU.ActiveCfg = Debug|Any CPU
		{CA48AEB7-9EE3-4D98-B956-A14C84026179}.Debug|Any CPU.Build.0 = Debug|Any CPU
		{CA48AEB7-9EE3-4D98-B956-A14C84026179}.Release|Any CPU.ActiveCfg = Release|Any CPU
		{CA48AEB7-9EE3-4D98-B956-A14C84026179}.Release|Any CPU.Build.0 = Release|Any CPU
	EndGlobalSection
	GlobalSection(SolutionProperties) = preSolution
		HideSolutionNode = FALSE
	EndGlobalSection
	GlobalSection(NestedProjects) = preSolution
		{4DE6B207-1CC8-4050-8710-6E72DDA849E7} = {520815A3-45FC-4FB5-8044-A7220CCC8D99}
		{5CE5A7A0-104E-406A-84CA-C760C950E6EB} = {520815A3-45FC-4FB5-8044-A7220CCC8D99}
		{F6993FCE-05B8-4B77-A354-7DB95DFBBC51} = {520815A3-45FC-4FB5-8044-A7220CCC8D99}
		{50DDCE5C-2AE6-4191-9557-CD7A645FF701} = {520815A3-45FC-4FB5-8044-A7220CCC8D99}
		{98F23267-55DF-40C0-BBF4-B67979506150} = {520815A3-45FC-4FB5-8044-A7220CCC8D99}
	EndGlobalSection
EndGlobal
