
Microsoft Visual Studio Solution File, Format Version 12.00
# Visual Studio 15
VisualStudioVersion = 15.0.26228.4
MinimumVisualStudioVersion = 10.0.40219.1
Project("{FAE04EC0-301F-11D3-BF4B-00C04F79EFBC}") = "ZSZ.Common", "ZSZ.Common\ZSZ.Common.csproj", "{241553FA-C16B-4958-806F-FCBA7FB62A16}"
EndProject
Project("{FAE04EC0-301F-11D3-BF4B-00C04F79EFBC}") = "Tests", "Tests\Tests.csproj", "{2620DF85-F157-4E39-BEB3-7DB4A03B8953}"
EndProject
Project("{FAE04EC0-301F-11D3-BF4B-00C04F79EFBC}") = "ZSZ.Service", "ZSZ.Service\ZSZ.Service.csproj", "{E650B6AF-3419-4510-AD2C-3668EC83B7D6}"
EndProject
Project("{FAE04EC0-301F-11D3-BF4B-00C04F79EFBC}") = "ZSZ.IService", "ZSZ.IService\ZSZ.IService.csproj", "{898A6D4B-7E5C-4647-8410-C203E264228A}"
EndProject
Project("{FAE04EC0-301F-11D3-BF4B-00C04F79EFBC}") = "ZSZ.AdminWeb", "ZSZ.AdminWeb\ZSZ.AdminWeb.csproj", "{03CC978F-769B-46C5-8648-53098A1A2770}"
EndProject
Project("{FAE04EC0-301F-11D3-BF4B-00C04F79EFBC}") = "ZSZ.FrontWeb", "ZSZ.FrontWeb\ZSZ.FrontWeb.csproj", "{45BCBDCE-370F-4F7B-95DF-FED5C46D08AB}"
EndProject
Project("{FAE04EC0-301F-11D3-BF4B-00C04F79EFBC}") = "ZSZ.DTO", "ZSZ.DTO\ZSZ.DTO.csproj", "{CA48AEB7-9EE3-4D98-B956-A14C84026179}"
EndProject
Project("{FAE04EC0-301F-11D3-BF4B-00C04F79EFBC}") = "ZSZ.ServiceTest", "ZSZ.ServiceTest\ZSZ.ServiceTest.csproj", "{2CFDA65E-5910-4496-9FEF-61772AC29B70}"
EndProject
Project("{FAE04EC0-301F-11D3-BF4B-00C04F79EFBC}") = "Tests1", "Tests1\Tests1.csproj", "{011B2B73-EC87-44CA-A1CC-3773AB08F929}"
EndProject
Global
	GlobalSection(SolutionConfigurationPlatforms) = preSolution
		Debug|Any CPU = Debug|Any CPU
		Release|Any CPU = Release|Any CPU
	EndGlobalSection
	GlobalSection(ProjectConfigurationPlatforms) = postSolution
		{241553FA-C16B-4958-806F-FCBA7FB62A16}.Debug|Any CPU.ActiveCfg = Debug|Any CPU
		{241553FA-C16B-4958-806F-FCBA7FB62A16}.Debug|Any CPU.Build.0 = Debug|Any CPU
		{241553FA-C16B-4958-806F-FCBA7FB62A16}.Release|Any CPU.ActiveCfg = Release|Any CPU
		{241553FA-C16B-4958-806F-FCBA7FB62A16}.Release|Any CPU.Build.0 = Release|Any CPU
		{2620DF85-F157-4E39-BEB3-7DB4A03B8953}.Debug|Any CPU.ActiveCfg = Debug|Any CPU
		{2620DF85-F157-4E39-BEB3-7DB4A03B8953}.Debug|Any CPU.Build.0 = Debug|Any CPU
		{2620DF85-F157-4E39-BEB3-7DB4A03B8953}.Release|Any CPU.ActiveCfg = Release|Any CPU
		{2620DF85-F157-4E39-BEB3-7DB4A03B8953}.Release|Any CPU.Build.0 = Release|Any CPU
		{E650B6AF-3419-4510-AD2C-3668EC83B7D6}.Debug|Any CPU.ActiveCfg = Debug|Any CPU
		{E650B6AF-3419-4510-AD2C-3668EC83B7D6}.Debug|Any CPU.Build.0 = Debug|Any CPU
		{E650B6AF-3419-4510-AD2C-3668EC83B7D6}.Release|Any CPU.ActiveCfg = Release|Any CPU
		{E650B6AF-3419-4510-AD2C-3668EC83B7D6}.Release|Any CPU.Build.0 = Release|Any CPU
		{898A6D4B-7E5C-4647-8410-C203E264228A}.Debug|Any CPU.ActiveCfg = Debug|Any CPU
		{898A6D4B-7E5C-4647-8410-C203E264228A}.Debug|Any CPU.Build.0 = Debug|Any CPU
		{898A6D4B-7E5C-4647-8410-C203E264228A}.Release|Any CPU.ActiveCfg = Release|Any CPU
		{898A6D4B-7E5C-4647-8410-C203E264228A}.Release|Any CPU.Build.0 = Release|Any CPU
		{03CC978F-769B-46C5-8648-53098A1A2770}.Debug|Any CPU.ActiveCfg = Debug|Any CPU
		{03CC978F-769B-46C5-8648-53098A1A2770}.Debug|Any CPU.Build.0 = Debug|Any CPU
		{03CC978F-769B-46C5-8648-53098A1A2770}.Release|Any CPU.ActiveCfg = Release|Any CPU
		{03CC978F-769B-46C5-8648-53098A1A2770}.Release|Any CPU.Build.0 = Release|Any CPU
		{45BCBDCE-370F-4F7B-95DF-FED5C46D08AB}.Debug|Any CPU.ActiveCfg = Debug|Any CPU
		{45BCBDCE-370F-4F7B-95DF-FED5C46D08AB}.Debug|Any CPU.Build.0 = Debug|Any CPU
		{45BCBDCE-370F-4F7B-95DF-FED5C46D08AB}.Release|Any CPU.ActiveCfg = Release|Any CPU
		{45BCBDCE-370F-4F7B-95DF-FED5C46D08AB}.Release|Any CPU.Build.0 = Release|Any CPU
		{CA48AEB7-9EE3-4D98-B956-A14C84026179}.Debug|Any CPU.ActiveCfg = Debug|Any CPU
		{CA48AEB7-9EE3-4D98-B956-A14C84026179}.Debug|Any CPU.Build.0 = Debug|Any CPU
		{CA48AEB7-9EE3-4D98-B956-A14C84026179}.Release|Any CPU.ActiveCfg = Release|Any CPU
		{CA48AEB7-9EE3-4D98-B956-A14C84026179}.Release|Any CPU.Build.0 = Release|Any CPU
		{2CFDA65E-5910-4496-9FEF-61772AC29B70}.Debug|Any CPU.ActiveCfg = Debug|Any CPU
		{2CFDA65E-5910-4496-9FEF-61772AC29B70}.Debug|Any CPU.Build.0 = Debug|Any CPU
		{2CFDA65E-5910-4496-9FEF-61772AC29B70}.Release|Any CPU.ActiveCfg = Release|Any CPU
		{2CFDA65E-5910-4496-9FEF-61772AC29B70}.Release|Any CPU.Build.0 = Release|Any CPU
		{011B2B73-EC87-44CA-A1CC-3773AB08F929}.Debug|Any CPU.ActiveCfg = Debug|Any CPU
		{011B2B73-EC87-44CA-A1CC-3773AB08F929}.Debug|Any CPU.Build.0 = Debug|Any CPU
		{011B2B73-EC87-44CA-A1CC-3773AB08F929}.Release|Any CPU.ActiveCfg = Release|Any CPU
		{011B2B73-EC87-44CA-A1CC-3773AB08F929}.Release|Any CPU.Build.0 = Release|Any CPU
	EndGlobalSection
	GlobalSection(SolutionProperties) = preSolution
		HideSolutionNode = FALSE
	EndGlobalSection
EndGlobal
